
Microsoft Visual Studio Solution File, Format Version 12.00
# Visual Studio Version 16
VisualStudioVersion = 16.0.31911.196
MinimumVisualStudioVersion = 10.0.40219.1
Project("{FAE04EC0-301F-11D3-BF4B-00C04F79EFBC}") = "convee-web01", "convee-web01\convee-web01.csproj", "{1AC58590-1DD4-40E1-ABE6-5CA1C0574D2A}"
EndProject
Global
	GlobalSection(SolutionConfigurationPlatforms) = preSolution
		Debug|Any CPU = Debug|Any CPU
		Release|Any CPU = Release|Any CPU
	EndGlobalSection
	GlobalSection(ProjectConfigurationPlatforms) = postSolution
		{1AC58590-1DD4-40E1-ABE6-5CA1C0574D2A}.Debug|Any CPU.ActiveCfg = Debug|Any CPU
		{1AC58590-1DD4-40E1-ABE6-5CA1C0574D2A}.Debug|Any CPU.Build.0 = Debug|Any CPU
		{1AC58590-1DD4-40E1-ABE6-5CA1C0574D2A}.Release|Any CPU.ActiveCfg = Release|Any CPU
		{1AC58590-1DD4-40E1-ABE6-5CA1C0574D2A}.Release|Any CPU.Build.0 = Release|Any CPU
	EndGlobalSection
	GlobalSection(SolutionProperties) = preSolution
		HideSolutionNode = FALSE
	EndGlobalSection
	GlobalSection(ExtensibilityGlobals) = postSolution
		SolutionGuid = {0F1D41AF-F56B-48FD-9762-6F1A42859C0D}
	EndGlobalSection
EndGlobal
